
Microsoft Visual Studio Solution File, Format Version 12.00
# Visual Studio Version 17
VisualStudioVersion = 17.5.33424.131
MinimumVisualStudioVersion = 10.0.40219.1
Project("{FAE04EC0-301F-11D3-BF4B-00C04F79EFBC}") = "PotatoZaak", "PotatoZaak.csproj", "{D0484704-3734-4323-A4B9-08106F944043}"
EndProject
Global
	GlobalSection(SolutionConfigurationPlatforms) = preSolution
		Debug|Any CPU = Debug|Any CPU
		Release|Any CPU = Release|Any CPU
	EndGlobalSection
	GlobalSection(ProjectConfigurationPlatforms) = postSolution
		{D0484704-3734-4323-A4B9-08106F944043}.Debug|Any CPU.ActiveCfg = Debug|Any CPU
		{D0484704-3734-4323-A4B9-08106F944043}.Debug|Any CPU.Build.0 = Debug|Any CPU
		{D0484704-3734-4323-A4B9-08106F944043}.Release|Any CPU.ActiveCfg = Release|Any CPU
		{D0484704-3734-4323-A4B9-08106F944043}.Release|Any CPU.Build.0 = Release|Any CPU
	EndGlobalSection
	GlobalSection(SolutionProperties) = preSolution
		HideSolutionNode = FALSE
	EndGlobalSection
	GlobalSection(ExtensibilityGlobals) = postSolution
		SolutionGuid = {ABD061DA-188C-49F7-8E31-A60FF45B4434}
	EndGlobalSection
EndGlobal
